
Microsoft Visual Studio Solution File, Format Version 12.00
# Visual Studio Version 17
VisualStudioVersion = 17.14.36401.2 d17.14
MinimumVisualStudioVersion = 10.0.40219.1
Project("{FAE04EC0-301F-11D3-BF4B-00C04F79EFBC}") = "FoodRecipes", "FoodRecipes.csproj", "{4E276976-4822-404A-8CED-1677423771A4}"
EndProject
Global
	GlobalSection(SolutionConfigurationPlatforms) = preSolution
		Debug|Any CPU = Debug|Any CPU
		Release|Any CPU = Release|Any CPU
	EndGlobalSection
	GlobalSection(ProjectConfigurationPlatforms) = postSolution
		{4E276976-4822-404A-8CED-1677423771A4}.Debug|Any CPU.ActiveCfg = Debug|Any CPU
		{4E276976-4822-404A-8CED-1677423771A4}.Debug|Any CPU.Build.0 = Debug|Any CPU
		{4E276976-4822-404A-8CED-1677423771A4}.Release|Any CPU.ActiveCfg = Release|Any CPU
		{4E276976-4822-404A-8CED-1677423771A4}.Release|Any CPU.Build.0 = Release|Any CPU
	EndGlobalSection
	GlobalSection(SolutionProperties) = preSolution
		HideSolutionNode = FALSE
	EndGlobalSection
	GlobalSection(ExtensibilityGlobals) = postSolution
		SolutionGuid = {8896D573-43EC-4E53-973B-0E1EEFF18125}
	EndGlobalSection
EndGlobal
